
Microsoft Visual Studio Solution File, Format Version 12.00
# Visual Studio Version 16
VisualStudioVersion = 16.0.31613.86
MinimumVisualStudioVersion = 10.0.40219.1
Project("{FAE04EC0-301F-11D3-BF4B-00C04F79EFBC}") = "AssignmentOne-CYCC", "AssignmentOne-CYCC\AssignmentOne-CYCC.csproj", "{34858155-32AA-494E-8208-717D1B7CED09}"
EndProject
Global
	GlobalSection(SolutionConfigurationPlatforms) = preSolution
		Debug|Any CPU = Debug|Any CPU
		Release|Any CPU = Release|Any CPU
	EndGlobalSection
	GlobalSection(ProjectConfigurationPlatforms) = postSolution
		{34858155-32AA-494E-8208-717D1B7CED09}.Debug|Any CPU.ActiveCfg = Debug|Any CPU
		{34858155-32AA-494E-8208-717D1B7CED09}.Debug|Any CPU.Build.0 = Debug|Any CPU
		{34858155-32AA-494E-8208-717D1B7CED09}.Release|Any CPU.ActiveCfg = Release|Any CPU
		{34858155-32AA-494E-8208-717D1B7CED09}.Release|Any CPU.Build.0 = Release|Any CPU
	EndGlobalSection
	GlobalSection(SolutionProperties) = preSolution
		HideSolutionNode = FALSE
	EndGlobalSection
	GlobalSection(ExtensibilityGlobals) = postSolution
		SolutionGuid = {266C0261-BB84-4C17-B963-8F1106B7C52B}
	EndGlobalSection
EndGlobal
