
Microsoft Visual Studio Solution File, Format Version 12.00
# Visual Studio Version 16
VisualStudioVersion = 16.0.31613.86
MinimumVisualStudioVersion = 10.0.40219.1
Project("{FAE04EC0-301F-11D3-BF4B-00C04F79EFBC}") = "HIT339 Assignment1", "HIT339 Assignment1.csproj", "{7F70671B-0E75-4142-B890-A3057F07E65B}"
EndProject
Global
	GlobalSection(SolutionConfigurationPlatforms) = preSolution
		Debug|Any CPU = Debug|Any CPU
		Release|Any CPU = Release|Any CPU
	EndGlobalSection
	GlobalSection(ProjectConfigurationPlatforms) = postSolution
		{7F70671B-0E75-4142-B890-A3057F07E65B}.Debug|Any CPU.ActiveCfg = Debug|Any CPU
		{7F70671B-0E75-4142-B890-A3057F07E65B}.Debug|Any CPU.Build.0 = Debug|Any CPU
		{7F70671B-0E75-4142-B890-A3057F07E65B}.Release|Any CPU.ActiveCfg = Release|Any CPU
		{7F70671B-0E75-4142-B890-A3057F07E65B}.Release|Any CPU.Build.0 = Release|Any CPU
	EndGlobalSection
	GlobalSection(SolutionProperties) = preSolution
		HideSolutionNode = FALSE
	EndGlobalSection
	GlobalSection(ExtensibilityGlobals) = postSolution
		SolutionGuid = {88FA88DA-D028-4743-86F0-8BA5011CBC30}
	EndGlobalSection
EndGlobal
